
Microsoft Visual Studio Solution File, Format Version 12.00
# Visual Studio 15
VisualStudioVersion = 15.0.27130.2036
MinimumVisualStudioVersion = 10.0.40219.1
Project("{FAE04EC0-301F-11D3-BF4B-00C04F79EFBC}") = "Lands.Android", "Lands\Lands.Android\Lands.Android.csproj", "{2E753E77-C895-4686-B4F7-EF8B3286FCBA}"
EndProject
Project("{FAE04EC0-301F-11D3-BF4B-00C04F79EFBC}") = "Lands.iOS", "Lands\Lands.iOS\Lands.iOS.csproj", "{4845C7D4-95C6-45CF-8828-2D1E4CDBFB5E}"
EndProject
Project("{9A19103F-16F7-4668-BE54-9A1E7A4F7556}") = "Lands", "Lands\Lands\Lands.csproj", "{AEED0F8C-AF8F-4F10-8E73-84DB040F3AF8}"
EndProject
Project("{FAE04EC0-301F-11D3-BF4B-00C04F79EFBC}") = "Lands.API", "Lands.API\Lands.API.csproj", "{93F3CB8C-AA1C-4802-9DF6-945203F79EE2}"
EndProject
Project("{FAE04EC0-301F-11D3-BF4B-00C04F79EFBC}") = "Lands.Backend", "Lands.Backend\Lands.Backend.csproj", "{4568F265-1592-4FA4-9E87-F95E1BA67B57}"
EndProject
Project("{FAE04EC0-301F-11D3-BF4B-00C04F79EFBC}") = "Lands.Domain", "Lands.Domain\Lands.Domain.csproj", "{0FA3C2FB-6C0C-4ED4-B071-ED6A35044DED}"
EndProject
Global
	GlobalSection(SolutionConfigurationPlatforms) = preSolution
		Ad-Hoc|Any CPU = Ad-Hoc|Any CPU
		Ad-Hoc|iPhone = Ad-Hoc|iPhone
		Ad-Hoc|iPhoneSimulator = Ad-Hoc|iPhoneSimulator
		AppStore|Any CPU = AppStore|Any CPU
		AppStore|iPhone = AppStore|iPhone
		AppStore|iPhoneSimulator = AppStore|iPhoneSimulator
		Debug|Any CPU = Debug|Any CPU
		Debug|iPhone = Debug|iPhone
		Debug|iPhoneSimulator = Debug|iPhoneSimulator
		Release|Any CPU = Release|Any CPU
		Release|iPhone = Release|iPhone
		Release|iPhoneSimulator = Release|iPhoneSimulator
	EndGlobalSection
	GlobalSection(ProjectConfigurationPlatforms) = postSolution
		{2E753E77-C895-4686-B4F7-EF8B3286FCBA}.Ad-Hoc|Any CPU.ActiveCfg = Release|Any CPU
		{2E753E77-C895-4686-B4F7-EF8B3286FCBA}.Ad-Hoc|Any CPU.Build.0 = Release|Any CPU
		{2E753E77-C895-4686-B4F7-EF8B3286FCBA}.Ad-Hoc|Any CPU.Deploy.0 = Release|Any CPU
		{2E753E77-C895-4686-B4F7-EF8B3286FCBA}.Ad-Hoc|iPhone.ActiveCfg = Release|Any CPU
		{2E753E77-C895-4686-B4F7-EF8B3286FCBA}.Ad-Hoc|iPhone.Build.0 = Release|Any CPU
		{2E753E77-C895-4686-B4F7-EF8B3286FCBA}.Ad-Hoc|iPhone.Deploy.0 = Release|Any CPU
		{2E753E77-C895-4686-B4F7-EF8B3286FCBA}.Ad-Hoc|iPhoneSimulator.ActiveCfg = Release|Any CPU
		{2E753E77-C895-4686-B4F7-EF8B3286FCBA}.Ad-Hoc|iPhoneSimulator.Build.0 = Release|Any CPU
		{2E753E77-C895-4686-B4F7-EF8B3286FCBA}.Ad-Hoc|iPhoneSimulator.Deploy.0 = Release|Any CPU
		{2E753E77-C895-4686-B4F7-EF8B3286FCBA}.AppStore|Any CPU.ActiveCfg = Release|Any CPU
		{2E753E77-C895-4686-B4F7-EF8B3286FCBA}.AppStore|Any CPU.Build.0 = Release|Any CPU
		{2E753E77-C895-4686-B4F7-EF8B3286FCBA}.AppStore|Any CPU.Deploy.0 = Release|Any CPU
		{2E753E77-C895-4686-B4F7-EF8B3286FCBA}.AppStore|iPhone.ActiveCfg = Release|Any CPU
		{2E753E77-C895-4686-B4F7-EF8B3286FCBA}.AppStore|iPhone.Build.0 = Release|Any CPU
		{2E753E77-C895-4686-B4F7-EF8B3286FCBA}.AppStore|iPhone.Deploy.0 = Release|Any CPU
		{2E753E77-C895-4686-B4F7-EF8B3286FCBA}.AppStore|iPhoneSimulator.ActiveCfg = Release|Any CPU
		{2E753E77-C895-4686-B4F7-EF8B3286FCBA}.AppStore|iPhoneSimulator.Build.0 = Release|Any CPU
		{2E753E77-C895-4686-B4F7-EF8B3286FCBA}.AppStore|iPhoneSimulator.Deploy.0 = Release|Any CPU
		{2E753E77-C895-4686-B4F7-EF8B3286FCBA}.Debug|Any CPU.ActiveCfg = Debug|Any CPU
		{2E753E77-C895-4686-B4F7-EF8B3286FCBA}.Debug|Any CPU.Build.0 = Debug|Any CPU
		{2E753E77-C895-4686-B4F7-EF8B3286FCBA}.Debug|Any CPU.Deploy.0 = Debug|Any CPU
		{2E753E77-C895-4686-B4F7-EF8B3286FCBA}.Debug|iPhone.ActiveCfg = Debug|Any CPU
		{2E753E77-C895-4686-B4F7-EF8B3286FCBA}.Debug|iPhone.Build.0 = Debug|Any CPU
		{2E753E77-C895-4686-B4F7-EF8B3286FCBA}.Debug|iPhone.Deploy.0 = Debug|Any CPU
		{2E753E77-C895-4686-B4F7-EF8B3286FCBA}.Debug|iPhoneSimulator.ActiveCfg = Debug|Any CPU
		{2E753E77-C895-4686-B4F7-EF8B3286FCBA}.Debug|iPhoneSimulator.Build.0 = Debug|Any CPU
		{2E753E77-C895-4686-B4F7-EF8B3286FCBA}.Debug|iPhoneSimulator.Deploy.0 = Debug|Any CPU
		{2E753E77-C895-4686-B4F7-EF8B3286FCBA}.Release|Any CPU.ActiveCfg = Release|Any CPU
		{2E753E77-C895-4686-B4F7-EF8B3286FCBA}.Release|Any CPU.Build.0 = Release|Any CPU
		{2E753E77-C895-4686-B4F7-EF8B3286FCBA}.Release|Any CPU.Deploy.0 = Release|Any CPU
		{2E753E77-C895-4686-B4F7-EF8B3286FCBA}.Release|iPhone.ActiveCfg = Release|Any CPU
		{2E753E77-C895-4686-B4F7-EF8B3286FCBA}.Release|iPhone.Build.0 = Release|Any CPU
		{2E753E77-C895-4686-B4F7-EF8B3286FCBA}.Release|iPhone.Deploy.0 = Release|Any CPU
		{2E753E77-C895-4686-B4F7-EF8B3286FCBA}.Release|iPhoneSimulator.ActiveCfg = Release|Any CPU
		{2E753E77-C895-4686-B4F7-EF8B3286FCBA}.Release|iPhoneSimulator.Build.0 = Release|Any CPU
		{2E753E77-C895-4686-B4F7-EF8B3286FCBA}.Release|iPhoneSimulator.Deploy.0 = Release|Any CPU
		{4845C7D4-95C6-45CF-8828-2D1E4CDBFB5E}.Ad-Hoc|Any CPU.ActiveCfg = Ad-Hoc|iPhone
		{4845C7D4-95C6-45CF-8828-2D1E4CDBFB5E}.Ad-Hoc|iPhone.ActiveCfg = Ad-Hoc|iPhone
		{4845C7D4-95C6-45CF-8828-2D1E4CDBFB5E}.Ad-Hoc|iPhone.Build.0 = Ad-Hoc|iPhone
		{4845C7D4-95C6-45CF-8828-2D1E4CDBFB5E}.Ad-Hoc|iPhoneSimulator.ActiveCfg = Ad-Hoc|iPhoneSimulator
		{4845C7D4-95C6-45CF-8828-2D1E4CDBFB5E}.Ad-Hoc|iPhoneSimulator.Build.0 = Ad-Hoc|iPhoneSimulator
		{4845C7D4-95C6-45CF-8828-2D1E4CDBFB5E}.AppStore|Any CPU.ActiveCfg = AppStore|iPhone
		{4845C7D4-95C6-45CF-8828-2D1E4CDBFB5E}.AppStore|iPhone.ActiveCfg = AppStore|iPhone
		{4845C7D4-95C6-45CF-8828-2D1E4CDBFB5E}.AppStore|iPhone.Build.0 = AppStore|iPhone
		{4845C7D4-95C6-45CF-8828-2D1E4CDBFB5E}.AppStore|iPhoneSimulator.ActiveCfg = AppStore|iPhoneSimulator
		{4845C7D4-95C6-45CF-8828-2D1E4CDBFB5E}.AppStore|iPhoneSimulator.Build.0 = AppStore|iPhoneSimulator
		{4845C7D4-95C6-45CF-8828-2D1E4CDBFB5E}.Debug|Any CPU.ActiveCfg = Debug|iPhone
		{4845C7D4-95C6-45CF-8828-2D1E4CDBFB5E}.Debug|iPhone.ActiveCfg = Debug|iPhone
		{4845C7D4-95C6-45CF-8828-2D1E4CDBFB5E}.Debug|iPhone.Build.0 = Debug|iPhone
		{4845C7D4-95C6-45CF-8828-2D1E4CDBFB5E}.Debug|iPhoneSimulator.ActiveCfg = Debug|iPhoneSimulator
		{4845C7D4-95C6-45CF-8828-2D1E4CDBFB5E}.Debug|iPhoneSimulator.Build.0 = Debug|iPhoneSimulator
		{4845C7D4-95C6-45CF-8828-2D1E4CDBFB5E}.Release|Any CPU.ActiveCfg = Release|iPhone
		{4845C7D4-95C6-45CF-8828-2D1E4CDBFB5E}.Release|iPhone.ActiveCfg = Release|iPhone
		{4845C7D4-95C6-45CF-8828-2D1E4CDBFB5E}.Release|iPhone.Build.0 = Release|iPhone
		{4845C7D4-95C6-45CF-8828-2D1E4CDBFB5E}.Release|iPhoneSimulator.ActiveCfg = Release|iPhoneSimulator
		{4845C7D4-95C6-45CF-8828-2D1E4CDBFB5E}.Release|iPhoneSimulator.Build.0 = Release|iPhoneSimulator
		{AEED0F8C-AF8F-4F10-8E73-84DB040F3AF8}.Ad-Hoc|Any CPU.ActiveCfg = Debug|Any CPU
		{AEED0F8C-AF8F-4F10-8E73-84DB040F3AF8}.Ad-Hoc|Any CPU.Build.0 = Debug|Any CPU
		{AEED0F8C-AF8F-4F10-8E73-84DB040F3AF8}.Ad-Hoc|iPhone.ActiveCfg = Debug|Any CPU
		{AEED0F8C-AF8F-4F10-8E73-84DB040F3AF8}.Ad-Hoc|iPhone.Build.0 = Debug|Any CPU
		{AEED0F8C-AF8F-4F10-8E73-84DB040F3AF8}.Ad-Hoc|iPhoneSimulator.ActiveCfg = Debug|Any CPU
		{AEED0F8C-AF8F-4F10-8E73-84DB040F3AF8}.Ad-Hoc|iPhoneSimulator.Build.0 = Debug|Any CPU
		{AEED0F8C-AF8F-4F10-8E73-84DB040F3AF8}.AppStore|Any CPU.ActiveCfg = Debug|Any CPU
		{AEED0F8C-AF8F-4F10-8E73-84DB040F3AF8}.AppStore|Any CPU.Build.0 = Debug|Any CPU
		{AEED0F8C-AF8F-4F10-8E73-84DB040F3AF8}.AppStore|iPhone.ActiveCfg = Debug|Any CPU
		{AEED0F8C-AF8F-4F10-8E73-84DB040F3AF8}.AppStore|iPhone.Build.0 = Debug|Any CPU
		{AEED0F8C-AF8F-4F10-8E73-84DB040F3AF8}.AppStore|iPhoneSimulator.ActiveCfg = Debug|Any CPU
		{AEED0F8C-AF8F-4F10-8E73-84DB040F3AF8}.AppStore|iPhoneSimulator.Build.0 = Debug|Any CPU
		{AEED0F8C-AF8F-4F10-8E73-84DB040F3AF8}.Debug|Any CPU.ActiveCfg = Debug|Any CPU
		{AEED0F8C-AF8F-4F10-8E73-84DB040F3AF8}.Debug|Any CPU.Build.0 = Debug|Any CPU
		{AEED0F8C-AF8F-4F10-8E73-84DB040F3AF8}.Debug|iPhone.ActiveCfg = Debug|Any CPU
		{AEED0F8C-AF8F-4F10-8E73-84DB040F3AF8}.Debug|iPhone.Build.0 = Debug|Any CPU
		{AEED0F8C-AF8F-4F10-8E73-84DB040F3AF8}.Debug|iPhoneSimulator.ActiveCfg = Debug|Any CPU
		{AEED0F8C-AF8F-4F10-8E73-84DB040F3AF8}.Debug|iPhoneSimulator.Build.0 = Debug|Any CPU
		{AEED0F8C-AF8F-4F10-8E73-84DB040F3AF8}.Release|Any CPU.ActiveCfg = Release|Any CPU
		{AEED0F8C-AF8F-4F10-8E73-84DB040F3AF8}.Release|Any CPU.Build.0 = Release|Any CPU
		{AEED0F8C-AF8F-4F10-8E73-84DB040F3AF8}.Release|iPhone.ActiveCfg = Release|Any CPU
		{AEED0F8C-AF8F-4F10-8E73-84DB040F3AF8}.Release|iPhone.Build.0 = Release|Any CPU
		{AEED0F8C-AF8F-4F10-8E73-84DB040F3AF8}.Release|iPhoneSimulator.ActiveCfg = Release|Any CPU
		{AEED0F8C-AF8F-4F10-8E73-84DB040F3AF8}.Release|iPhoneSimulator.Build.0 = Release|Any CPU
		{93F3CB8C-AA1C-4802-9DF6-945203F79EE2}.Ad-Hoc|Any CPU.ActiveCfg = Release|Any CPU
		{93F3CB8C-AA1C-4802-9DF6-945203F79EE2}.Ad-Hoc|Any CPU.Build.0 = Release|Any CPU
		{93F3CB8C-AA1C-4802-9DF6-945203F79EE2}.Ad-Hoc|iPhone.ActiveCfg = Release|Any CPU
		{93F3CB8C-AA1C-4802-9DF6-945203F79EE2}.Ad-Hoc|iPhone.Build.0 = Release|Any CPU
		{93F3CB8C-AA1C-4802-9DF6-945203F79EE2}.Ad-Hoc|iPhoneSimulator.ActiveCfg = Release|Any CPU
		{93F3CB8C-AA1C-4802-9DF6-945203F79EE2}.Ad-Hoc|iPhoneSimulator.Build.0 = Release|Any CPU
		{93F3CB8C-AA1C-4802-9DF6-945203F79EE2}.AppStore|Any CPU.ActiveCfg = Release|Any CPU
		{93F3CB8C-AA1C-4802-9DF6-945203F79EE2}.AppStore|Any CPU.Build.0 = Release|Any CPU
		{93F3CB8C-AA1C-4802-9DF6-945203F79EE2}.AppStore|iPhone.ActiveCfg = Release|Any CPU
		{93F3CB8C-AA1C-4802-9DF6-945203F79EE2}.AppStore|iPhone.Build.0 = Release|Any CPU
		{93F3CB8C-AA1C-4802-9DF6-945203F79EE2}.AppStore|iPhoneSimulator.ActiveCfg = Release|Any CPU
		{93F3CB8C-AA1C-4802-9DF6-945203F79EE2}.AppStore|iPhoneSimulator.Build.0 = Release|Any CPU
		{93F3CB8C-AA1C-4802-9DF6-945203F79EE2}.Debug|Any CPU.ActiveCfg = Debug|Any CPU
		{93F3CB8C-AA1C-4802-9DF6-945203F79EE2}.Debug|Any CPU.Build.0 = Debug|Any CPU
		{93F3CB8C-AA1C-4802-9DF6-945203F79EE2}.Debug|iPhone.ActiveCfg = Debug|Any CPU
		{93F3CB8C-AA1C-4802-9DF6-945203F79EE2}.Debug|iPhone.Build.0 = Debug|Any CPU
		{93F3CB8C-AA1C-4802-9DF6-945203F79EE2}.Debug|iPhoneSimulator.ActiveCfg = Debug|Any CPU
		{93F3CB8C-AA1C-4802-9DF6-945203F79EE2}.Debug|iPhoneSimulator.Build.0 = Debug|Any CPU
		{93F3CB8C-AA1C-4802-9DF6-945203F79EE2}.Release|Any CPU.ActiveCfg = Release|Any CPU
		{93F3CB8C-AA1C-4802-9DF6-945203F79EE2}.Release|Any CPU.Build.0 = Release|Any CPU
		{93F3CB8C-AA1C-4802-9DF6-945203F79EE2}.Release|iPhone.ActiveCfg = Release|Any CPU
		{93F3CB8C-AA1C-4802-9DF6-945203F79EE2}.Release|iPhone.Build.0 = Release|Any CPU
		{93F3CB8C-AA1C-4802-9DF6-945203F79EE2}.Release|iPhoneSimulator.ActiveCfg = Release|Any CPU
		{93F3CB8C-AA1C-4802-9DF6-945203F79EE2}.Release|iPhoneSimulator.Build.0 = Release|Any CPU
		{4568F265-1592-4FA4-9E87-F95E1BA67B57}.Ad-Hoc|Any CPU.ActiveCfg = Release|Any CPU
		{4568F265-1592-4FA4-9E87-F95E1BA67B57}.Ad-Hoc|Any CPU.Build.0 = Release|Any CPU
		{4568F265-1592-4FA4-9E87-F95E1BA67B57}.Ad-Hoc|iPhone.ActiveCfg = Release|Any CPU
		{4568F265-1592-4FA4-9E87-F95E1BA67B57}.Ad-Hoc|iPhone.Build.0 = Release|Any CPU
		{4568F265-1592-4FA4-9E87-F95E1BA67B57}.Ad-Hoc|iPhoneSimulator.ActiveCfg = Release|Any CPU
		{4568F265-1592-4FA4-9E87-F95E1BA67B57}.Ad-Hoc|iPhoneSimulator.Build.0 = Release|Any CPU
		{4568F265-1592-4FA4-9E87-F95E1BA67B57}.AppStore|Any CPU.ActiveCfg = Release|Any CPU
		{4568F265-1592-4FA4-9E87-F95E1BA67B57}.AppStore|Any CPU.Build.0 = Release|Any CPU
		{4568F265-1592-4FA4-9E87-F95E1BA67B57}.AppStore|iPhone.ActiveCfg = Release|Any CPU
		{4568F265-1592-4FA4-9E87-F95E1BA67B57}.AppStore|iPhone.Build.0 = Release|Any CPU
		{4568F265-1592-4FA4-9E87-F95E1BA67B57}.AppStore|iPhoneSimulator.ActiveCfg = Release|Any CPU
		{4568F265-1592-4FA4-9E87-F95E1BA67B57}.AppStore|iPhoneSimulator.Build.0 = Release|Any CPU
		{4568F265-1592-4FA4-9E87-F95E1BA67B57}.Debug|Any CPU.ActiveCfg = Debug|Any CPU
		{4568F265-1592-4FA4-9E87-F95E1BA67B57}.Debug|Any CPU.Build.0 = Debug|Any CPU
		{4568F265-1592-4FA4-9E87-F95E1BA67B57}.Debug|iPhone.ActiveCfg = Debug|Any CPU
		{4568F265-1592-4FA4-9E87-F95E1BA67B57}.Debug|iPhone.Build.0 = Debug|Any CPU
		{4568F265-1592-4FA4-9E87-F95E1BA67B57}.Debug|iPhoneSimulator.ActiveCfg = Debug|Any CPU
		{4568F265-1592-4FA4-9E87-F95E1BA67B57}.Debug|iPhoneSimulator.Build.0 = Debug|Any CPU
		{4568F265-1592-4FA4-9E87-F95E1BA67B57}.Release|Any CPU.ActiveCfg = Release|Any CPU
		{4568F265-1592-4FA4-9E87-F95E1BA67B57}.Release|Any CPU.Build.0 = Release|Any CPU
		{4568F265-1592-4FA4-9E87-F95E1BA67B57}.Release|iPhone.ActiveCfg = Release|Any CPU
		{4568F265-1592-4FA4-9E87-F95E1BA67B57}.Release|iPhone.Build.0 = Release|Any CPU
		{4568F265-1592-4FA4-9E87-F95E1BA67B57}.Release|iPhoneSimulator.ActiveCfg = Release|Any CPU
		{4568F265-1592-4FA4-9E87-F95E1BA67B57}.Release|iPhoneSimulator.Build.0 = Release|Any CPU
		{0FA3C2FB-6C0C-4ED4-B071-ED6A35044DED}.Ad-Hoc|Any CPU.ActiveCfg = Release|Any CPU
		{0FA3C2FB-6C0C-4ED4-B071-ED6A35044DED}.Ad-Hoc|Any CPU.Build.0 = Release|Any CPU
		{0FA3C2FB-6C0C-4ED4-B071-ED6A35044DED}.Ad-Hoc|iPhone.ActiveCfg = Release|Any CPU
		{0FA3C2FB-6C0C-4ED4-B071-ED6A35044DED}.Ad-Hoc|iPhone.Build.0 = Release|Any CPU
		{0FA3C2FB-6C0C-4ED4-B071-ED6A35044DED}.Ad-Hoc|iPhoneSimulator.ActiveCfg = Release|Any CPU
		{0FA3C2FB-6C0C-4ED4-B071-ED6A35044DED}.Ad-Hoc|iPhoneSimulator.Build.0 = Release|Any CPU
		{0FA3C2FB-6C0C-4ED4-B071-ED6A35044DED}.AppStore|Any CPU.ActiveCfg = Release|Any CPU
		{0FA3C2FB-6C0C-4ED4-B071-ED6A35044DED}.AppStore|Any CPU.Build.0 = Release|Any CPU
		{0FA3C2FB-6C0C-4ED4-B071-ED6A35044DED}.AppStore|iPhone.ActiveCfg = Release|Any CPU
		{0FA3C2FB-6C0C-4ED4-B071-ED6A35044DED}.AppStore|iPhone.Build.0 = Release|Any CPU
		{0FA3C2FB-6C0C-4ED4-B071-ED6A35044DED}.AppStore|iPhoneSimulator.ActiveCfg = Release|Any CPU
		{0FA3C2FB-6C0C-4ED4-B071-ED6A35044DED}.AppStore|iPhoneSimulator.Build.0 = Release|Any CPU
		{0FA3C2FB-6C0C-4ED4-B071-ED6A35044DED}.Debug|Any CPU.ActiveCfg = Debug|Any CPU
		{0FA3C2FB-6C0C-4ED4-B071-ED6A35044DED}.Debug|Any CPU.Build.0 = Debug|Any CPU
		{0FA3C2FB-6C0C-4ED4-B071-ED6A35044DED}.Debug|iPhone.ActiveCfg = Debug|Any CPU
		{0FA3C2FB-6C0C-4ED4-B071-ED6A35044DED}.Debug|iPhone.Build.0 = Debug|Any CPU
		{0FA3C2FB-6C0C-4ED4-B071-ED6A35044DED}.Debug|iPhoneSimulator.ActiveCfg = Debug|Any CPU
		{0FA3C2FB-6C0C-4ED4-B071-ED6A35044DED}.Debug|iPhoneSimulator.Build.0 = Debug|Any CPU
		{0FA3C2FB-6C0C-4ED4-B071-ED6A35044DED}.Release|Any CPU.ActiveCfg = Release|Any CPU
		{0FA3C2FB-6C0C-4ED4-B071-ED6A35044DED}.Release|Any CPU.Build.0 = Release|Any CPU
		{0FA3C2FB-6C0C-4ED4-B071-ED6A35044DED}.Release|iPhone.ActiveCfg = Release|Any CPU
		{0FA3C2FB-6C0C-4ED4-B071-ED6A35044DED}.Release|iPhone.Build.0 = Release|Any CPU
		{0FA3C2FB-6C0C-4ED4-B071-ED6A35044DED}.Release|iPhoneSimulator.ActiveCfg = Release|Any CPU
		{0FA3C2FB-6C0C-4ED4-B071-ED6A35044DED}.Release|iPhoneSimulator.Build.0 = Release|Any CPU
	EndGlobalSection
	GlobalSection(SolutionProperties) = preSolution
		HideSolutionNode = FALSE
	EndGlobalSection
	GlobalSection(ExtensibilityGlobals) = postSolution
		SolutionGuid = {92DAE809-D20E-439C-9694-D190D8158C7B}
	EndGlobalSection
EndGlobal
